apiVersion: vendir.k14s.io/v1alpha1
directories:
- contents:
  - git:
      commitTitle: Release cloudnative-pg-v0.21.2 (#274)...
      sha: 9c668bcd2b00f1f820cfbe7bb76f4b8865a7dcfd
      tags:
      - cloudnative-pg-v0.21.2
    path: .
  path: helm/cloudnative-pg/charts/cloudnative-pg
kind: LockConfig
