apiVersion: vendir.k14s.io/v1alpha1
directories:
- contents:
  - git:
      commitTitle: Release cloudnative-pg-v0.28.0 (#845)...
      sha: 011ce31fbd7a6b92f239393864a0d2d41e9d38cb
      tags:
      - cloudnative-pg-v0.28.0
    path: .
  path: helm/cloudnative-pg/charts/cloudnative-pg
kind: LockConfig
